
Microsoft Visual Studio Solution File, Format Version 12.00
# Visual Studio Version 16
VisualStudioVersion = 16.0.30114.105
MinimumVisualStudioVersion = 10.0.40219.1
Project("{2150E333-8FDC-42A3-9474-1A3956D46DE8}") = "src", "src", "{80711BDE-1FFE-4561-AC22-197188478CD2}"
EndProject
Project("{2150E333-8FDC-42A3-9474-1A3956D46DE8}") = "Infrastructure", "Infrastructure", "{C2F04984-EEA6-479A-9038-841402E1F556}"
EndProject
Project("{FAE04EC0-301F-11D3-BF4B-00C04F79EFBC}") = "Data", "src\Infrastructure\Data\Data.csproj", "{8B52BCB1-4C50-4FA2-A817-B8222711BE1A}"
EndProject
Global
	GlobalSection(SolutionConfigurationPlatforms) = preSolution
		Debug|Any CPU = Debug|Any CPU
		Release|Any CPU = Release|Any CPU
	EndGlobalSection
	GlobalSection(SolutionProperties) = preSolution
		HideSolutionNode = FALSE
	EndGlobalSection
	GlobalSection(ProjectConfigurationPlatforms) = postSolution
		{8B52BCB1-4C50-4FA2-A817-B8222711BE1A}.Debug|Any CPU.ActiveCfg = Debug|Any CPU
		{8B52BCB1-4C50-4FA2-A817-B8222711BE1A}.Debug|Any CPU.Build.0 = Debug|Any CPU
		{8B52BCB1-4C50-4FA2-A817-B8222711BE1A}.Release|Any CPU.ActiveCfg = Release|Any CPU
		{8B52BCB1-4C50-4FA2-A817-B8222711BE1A}.Release|Any CPU.Build.0 = Release|Any CPU
	EndGlobalSection
	GlobalSection(NestedProjects) = preSolution
		{C2F04984-EEA6-479A-9038-841402E1F556} = {80711BDE-1FFE-4561-AC22-197188478CD2}
		{8B52BCB1-4C50-4FA2-A817-B8222711BE1A} = {C2F04984-EEA6-479A-9038-841402E1F556}
	EndGlobalSection
EndGlobal
